
Microsoft Visual Studio Solution File, Format Version 12.00
# Visual Studio Version 17
VisualStudioVersion = 17.11.35222.181
MinimumVisualStudioVersion = 10.0.40219.1
Project("{FAE04EC0-301F-11D3-BF4B-00C04F79EFBC}") = "Hospital", "Hospital\Hospital.csproj", "{1172C305-EBD4-469E-916F-921F5CBD6523}"
EndProject
Global
	GlobalSection(SolutionConfigurationPlatforms) = preSolution
		Debug|Any CPU = Debug|Any CPU
		Release|Any CPU = Release|Any CPU
	EndGlobalSection
	GlobalSection(ProjectConfigurationPlatforms) = postSolution
		{1172C305-EBD4-469E-916F-921F5CBD6523}.Debug|Any CPU.ActiveCfg = Debug|Any CPU
		{1172C305-EBD4-469E-916F-921F5CBD6523}.Debug|Any CPU.Build.0 = Debug|Any CPU
		{1172C305-EBD4-469E-916F-921F5CBD6523}.Release|Any CPU.ActiveCfg = Release|Any CPU
		{1172C305-EBD4-469E-916F-921F5CBD6523}.Release|Any CPU.Build.0 = Release|Any CPU
	EndGlobalSection
	GlobalSection(SolutionProperties) = preSolution
		HideSolutionNode = FALSE
	EndGlobalSection
	GlobalSection(ExtensibilityGlobals) = postSolution
		SolutionGuid = {63184169-03CC-4DC6-826D-6F572E7A9DCB}
	EndGlobalSection
EndGlobal
